// !$*UTF8*$!
{
	archiveVersion = 1;
	classes = {
	};
	objectVersion = 51;
	objects = {

/* Begin PBXBuildFile section */
		3F397B8E254C8343007678B8 /* SceneDelegate.swift in Sources */ = {isa = PBXBuildFile; fileRef = 3F397B8D254C8343007678B8 /* SceneDelegate.swift */; };
		3F397B93254C8343007678B8 /* Main.storyboard in Resources */ = {isa = PBXBuildFile; fileRef = 3F397B91254C8343007678B8 /* Main.storyboard */; };
		3F397B95254C8344007678B8 /* Assets.xcassets in Resources */ = {isa = PBXBuildFile; fileRef = 3F397B94254C8344007678B8 /* Assets.xcassets */; };
		3F397B98254C8344007678B8 /* LaunchScreen.storyboard in Resources */ = {isa = PBXBuildFile; fileRef = 3F397B96254C8344007678B8 /* LaunchScreen.storyboard */; };
		3F644AC3255A160C00C055BC /* Wine.png in Resources */ = {isa = PBXBuildFile; fileRef = 3F644AC2255A160C00C055BC /* Wine.png */; };
		3F644AC5255A164200C055BC /* Beer.jpg in Resources */ = {isa = PBXBuildFile; fileRef = 3F644AC4255A164200C055BC /* Beer.jpg */; };
		3F644AC7255A16A800C055BC /* Liquor.jpg in Resources */ = {isa = PBXBuildFile; fileRef = 3F644AC6255A16A800C055BC /* Liquor.jpg */; };
		3F7823F62562F34800876DD8 /* Responses.swift in Sources */ = {isa = PBXBuildFile; fileRef = 3F7823F52562F34800876DD8 /* Responses.swift */; };
		3F7823FA2562F52500876DD8 /* ResponsesGraphViewController.swift in Sources */ = {isa = PBXBuildFile; fileRef = 3F7823F92562F52500876DD8 /* ResponsesGraphViewController.swift */; };
		3F7823FD2562F67600876DD8 /* ResponsesLogViewController.swift in Sources */ = {isa = PBXBuildFile; fileRef = 3F7823FC2562F67600876DD8 /* ResponsesLogViewController.swift */; };
		3F7824002562F70600876DD8 /* SpiritCalculatorViewController.swift in Sources */ = {isa = PBXBuildFile; fileRef = 3F7823FF2562F70600876DD8 /* SpiritCalculatorViewController.swift */; };
		3F7824032562F72D00876DD8 /* SpiritFromIoTViewController.swift in Sources */ = {isa = PBXBuildFile; fileRef = 3F7824022562F72D00876DD8 /* SpiritFromIoTViewController.swift */; };
		3FAD958D2566203800A652F8 /* ResponseViewController.swift in Sources */ = {isa = PBXBuildFile; fileRef = 3FAD958C2566203800A652F8 /* ResponseViewController.swift */; };
		3FEFC7C92566E1C000B03717 /* AppDelegate.swift in Sources */ = {isa = PBXBuildFile; fileRef = 3FEFC7C82566E1C000B03717 /* AppDelegate.swift */; };
		7E70C9BB388BCD231E22DFD6 /* libPods-Spirit Response.a in Frameworks */ = {isa = PBXBuildFile; fileRef = 650B6BA00202F1D0A3CCED2A /* libPods-Spirit Response.a */; };
/* End PBXBuildFile section */

/* Begin PBXFileReference section */
		17DB40CA3C595B5A459C8DDF /* Pods-Spirit Response.debug.xcconfig */ = {isa = PBXFileReference; includeInIndex = 1; lastKnownFileType = text.xcconfig; name = "Pods-Spirit Response.debug.xcconfig"; path = "Target Support Files/Pods-Spirit Response/Pods-Spirit Response.debug.xcconfig"; sourceTree = "<group>"; };
		3F397B88254C8343007678B8 /* Spirit Response.app */ = {isa = PBXFileReference; explicitFileType = wrapper.application; includeInIndex = 0; path = "Spirit Response.app"; sourceTree = BUILT_PRODUCTS_DIR; };
		3F397B8D254C8343007678B8 /* SceneDelegate.swift */ = {isa = PBXFileReference; lastKnownFileType = sourcecode.swift; path = SceneDelegate.swift; sourceTree = "<group>"; };
		3F397B92254C8343007678B8 /* Base */ = {isa = PBXFileReference; lastKnownFileType = file.storyboard; name = Base; path = Base.lproj/Main.storyboard; sourceTree = "<group>"; };
		3F397B94254C8344007678B8 /* Assets.xcassets */ = {isa = PBXFileReference; lastKnownFileType = folder.assetcatalog; path = Assets.xcassets; sourceTree = "<group>"; };
		3F397B97254C8344007678B8 /* Base */ = {isa = PBXFileReference; lastKnownFileType = file.storyboard; name = Base; path = Base.lproj/LaunchScreen.storyboard; sourceTree = "<group>"; };
		3F397B99254C8344007678B8 /* Info.plist */ = {isa = PBXFileReference; lastKnownFileType = text.plist.xml; path = Info.plist; sourceTree = "<group>"; };
		3F644AC2255A160C00C055BC /* Wine.png */ = {isa = PBXFileReference; lastKnownFileType = image.png; name = Wine.png; path = ../../../../../Downloads/Wine.png; sourceTree = "<group>"; };
		3F644AC4255A164200C055BC /* Beer.jpg */ = {isa = PBXFileReference; lastKnownFileType = image.jpeg; name = Beer.jpg; path = ../../../../../Downloads/Beer.jpg; sourceTree = "<group>"; };
		3F644AC6255A16A800C055BC /* Liquor.jpg */ = {isa = PBXFileReference; lastKnownFileType = image.jpeg; name = Liquor.jpg; path = ../../../../../Downloads/Liquor.jpg; sourceTree = "<group>"; };
		3F7823F52562F34800876DD8 /* Responses.swift */ = {isa = PBXFileReference; lastKnownFileType = sourcecode.swift; path = Responses.swift; sourceTree = "<group>"; };
		3F7823F92562F52500876DD8 /* ResponsesGraphViewController.swift */ = {isa = PBXFileReference; lastKnownFileType = sourcecode.swift; path = ResponsesGraphViewController.swift; sourceTree = "<group>"; };
		3F7823FC2562F67600876DD8 /* ResponsesLogViewController.swift */ = {isa = PBXFileReference; lastKnownFileType = sourcecode.swift; path = ResponsesLogViewController.swift; sourceTree = "<group>"; };
		3F7823FF2562F70600876DD8 /* SpiritCalculatorViewController.swift */ = {isa = PBXFileReference; lastKnownFileType = sourcecode.swift; path = SpiritCalculatorViewController.swift; sourceTree = "<group>"; };
		3F7824022562F72D00876DD8 /* SpiritFromIoTViewController.swift */ = {isa = PBXFileReference; lastKnownFileType = sourcecode.swift; path = SpiritFromIoTViewController.swift; sourceTree = "<group>"; };
		3FAD958C2566203800A652F8 /* ResponseViewController.swift */ = {isa = PBXFileReference; lastKnownFileType = sourcecode.swift; path = ResponseViewController.swift; sourceTree = "<group>"; };
		3FEFC7C82566E1C000B03717 /* AppDelegate.swift */ = {isa = PBXFileReference; lastKnownFileType = sourcecode.swift; path = AppDelegate.swift; sourceTree = "<group>"; };
		650B6BA00202F1D0A3CCED2A /* libPods-Spirit Response.a */ = {isa = PBXFileReference; explicitFileType = archive.ar; includeInIndex = 0; path = "libPods-Spirit Response.a"; sourceTree = BUILT_PRODUCTS_DIR; };
		FF987179AC9E311A86E7E70D /* Pods-Spirit Response.release.xcconfig */ = {isa = PBXFileReference; includeInIndex = 1; lastKnownFileType = text.xcconfig; name = "Pods-Spirit Response.release.xcconfig"; path = "Target Support Files/Pods-Spirit Response/Pods-Spirit Response.release.xcconfig"; sourceTree = "<group>"; };
/* End PBXFileReference section */

/* Begin PBXFrameworksBuildPhase section */
		3F397B85254C8343007678B8 /* Frameworks */ = {
			isa = PBXFrameworksBuildPhase;
			buildActionMask = 2147483647;
			files = (
				7E70C9BB388BCD231E22DFD6 /* libPods-Spirit Response.a in Frameworks */,
			);
			runOnlyForDeploymentPostprocessing = 0;
		};
/* End PBXFrameworksBuildPhase section */

/* Begin PBXGroup section */
		17AF5C44E0D66CC845EDFD75 /* Pods */ = {
			isa = PBXGroup;
			children = (
				17DB40CA3C595B5A459C8DDF /* Pods-Spirit Response.debug.xcconfig */,
				FF987179AC9E311A86E7E70D /* Pods-Spirit Response.release.xcconfig */,
			);
			path = Pods;
			sourceTree = "<group>";
		};
		3F397B7F254C8343007678B8 = {
			isa = PBXGroup;
			children = (
				3F397B8A254C8343007678B8 /* Spirit Response */,
				3F397B89254C8343007678B8 /* Products */,
				17AF5C44E0D66CC845EDFD75 /* Pods */,
				689E8A278D2F8B2711A80873 /* Frameworks */,
			);
			sourceTree = "<group>";
		};
		3F397B89254C8343007678B8 /* Products */ = {
			isa = PBXGroup;
			children = (
				3F397B88254C8343007678B8 /* Spirit Response.app */,
			);
			name = Products;
			sourceTree = "<group>";
		};
		3F397B8A254C8343007678B8 /* Spirit Response */ = {
			isa = PBXGroup;
			children = (
				3FEFC7C82566E1C000B03717 /* AppDelegate.swift */,
				3F397B8D254C8343007678B8 /* SceneDelegate.swift */,
				3FAD958C2566203800A652F8 /* ResponseViewController.swift */,
				3F7823F92562F52500876DD8 /* ResponsesGraphViewController.swift */,
				3F7823FC2562F67600876DD8 /* ResponsesLogViewController.swift */,
				3F7823FF2562F70600876DD8 /* SpiritCalculatorViewController.swift */,
				3F7824022562F72D00876DD8 /* SpiritFromIoTViewController.swift */,
				3F397B91254C8343007678B8 /* Main.storyboard */,
				3F397B94254C8344007678B8 /* Assets.xcassets */,
				3F644AC2255A160C00C055BC /* Wine.png */,
				3F397B96254C8344007678B8 /* LaunchScreen.storyboard */,
				3F644AC6255A16A800C055BC /* Liquor.jpg */,
				3F644AC4255A164200C055BC /* Beer.jpg */,
				3F397B99254C8344007678B8 /* Info.plist */,
				3F7823F52562F34800876DD8 /* Responses.swift */,
			);
			path = "Spirit Response";
			sourceTree = "<group>";
		};
		689E8A278D2F8B2711A80873 /* Frameworks */ = {
			isa = PBXGroup;
			children = (
				650B6BA00202F1D0A3CCED2A /* libPods-Spirit Response.a */,
			);
			name = Frameworks;
			sourceTree = "<group>";
		};
/* End PBXGroup section */

/* Begin PBXNativeTarget section */
		3F397B87254C8343007678B8 /* Spirit Response */ = {
			isa = PBXNativeTarget;
			buildConfigurationList = 3F397B9C254C8344007678B8 /* Build configuration list for PBXNativeTarget "Spirit Response" */;
			buildPhases = (
				CEC5C2243DA2F4811B4BD3FA /* [CP] Check Pods Manifest.lock */,
				3F397B84254C8343007678B8 /* Sources */,
				3F397B85254C8343007678B8 /* Frameworks */,
				3F397B86254C8343007678B8 /* Resources */,
				3406E4C172CAD5221259A984 /* [CP] Copy Pods Resources */,
			);
			buildRules = (
			);
			dependencies = (
			);
			name = "Spirit Response";
			productName = "Spirit Response";
			productReference = 3F397B88254C8343007678B8 /* Spirit Response.app */;
			productType = "com.apple.product-type.application";
		};
/* End PBXNativeTarget section */

/* Begin PBXProject section */
		3F397B80254C8343007678B8 /* Project object */ = {
			isa = PBXProject;
			attributes = {
				LastSwiftUpdateCheck = 1210;
				LastUpgradeCheck = 1210;
				TargetAttributes = {
					3F397B87254C8343007678B8 = {
						CreatedOnToolsVersion = 12.1;
					};
				};
			};
			buildConfigurationList = 3F397B83254C8343007678B8 /* Build configuration list for PBXProject "Spirit Response" */;
			compatibilityVersion = "Xcode 9.3";
			developmentRegion = en;
			hasScannedForEncodings = 0;
			knownRegions = (
				en,
				Base,
			);
			mainGroup = 3F397B7F254C8343007678B8;
			productRefGroup = 3F397B89254C8343007678B8 /* Products */;
			projectDirPath = "";
			projectRoot = "";
			targets = (
				3F397B87254C8343007678B8 /* Spirit Response */,
			);
		};
/* End PBXProject section */

/* Begin PBXResourcesBuildPhase section */
		3F397B86254C8343007678B8 /* Resources */ = {
			isa = PBXResourcesBuildPhase;
			buildActionMask = 2147483647;
			files = (
				3F397B98254C8344007678B8 /* LaunchScreen.storyboard in Resources */,
				3F397B95254C8344007678B8 /* Assets.xcassets in Resources */,
				3F644AC5255A164200C055BC /* Beer.jpg in Resources */,
				3F644AC3255A160C00C055BC /* Wine.png in Resources */,
				3F397B93254C8343007678B8 /* Main.storyboard in Resources */,
				3F644AC7255A16A800C055BC /* Liquor.jpg in Resources */,
			);
			runOnlyForDeploymentPostprocessing = 0;
		};
/* End PBXResourcesBuildPhase section */

/* Begin PBXShellScriptBuildPhase section */
		3406E4C172CAD5221259A984 /* [CP] Copy Pods Resources */ = {
			isa = PBXShellScriptBuildPhase;
			buildActionMask = 2147483647;
			files = (
			);
			inputFileListPaths = (
				"${PODS_ROOT}/Target Support Files/Pods-Spirit Response/Pods-Spirit Response-resources-${CONFIGURATION}-input-files.xcfilelist",
			);
			name = "[CP] Copy Pods Resources";
			outputFileListPaths = (
				"${PODS_ROOT}/Target Support Files/Pods-Spirit Response/Pods-Spirit Response-resources-${CONFIGURATION}-output-files.xcfilelist",
			);
			runOnlyForDeploymentPostprocessing = 0;
			shellPath = /bin/sh;
			shellScript = "\"${PODS_ROOT}/Target Support Files/Pods-Spirit Response/Pods-Spirit Response-resources.sh\"\n";
			showEnvVarsInLog = 0;
		};
		CEC5C2243DA2F4811B4BD3FA /* [CP] Check Pods Manifest.lock */ = {
			isa = PBXShellScriptBuildPhase;
			buildActionMask = 2147483647;
			files = (
			);
			inputFileListPaths = (
			);
			inputPaths = (
				"${PODS_PODFILE_DIR_PATH}/Podfile.lock",
				"${PODS_ROOT}/Manifest.lock",
			);
			name = "[CP] Check Pods Manifest.lock";
			outputFileListPaths = (
			);
			outputPaths = (
				"$(DERIVED_FILE_DIR)/Pods-Spirit Response-checkManifestLockResult.txt",
			);
			runOnlyForDeploymentPostprocessing = 0;
			shellPath = /bin/sh;
			shellScript = "diff \"${PODS_PODFILE_DIR_PATH}/Podfile.lock\" \"${PODS_ROOT}/Manifest.lock\" > /dev/null\nif [ $? != 0 ] ; then\n    # print error to STDERR\n    echo \"error: The sandbox is not in sync with the Podfile.lock. Run 'pod install' or update your CocoaPods installation.\" >&2\n    exit 1\nfi\n# This output is used by Xcode 'outputs' to avoid re-running this script phase.\necho \"SUCCESS\" > \"${SCRIPT_OUTPUT_FILE_0}\"\n";
			showEnvVarsInLog = 0;
		};
/* End PBXShellScriptBuildPhase section */

/* Begin PBXSourcesBuildPhase section */
		3F397B84254C8343007678B8 /* Sources */ = {
			isa = PBXSourcesBuildPhase;
			buildActionMask = 2147483647;
			files = (
				3FEFC7C92566E1C000B03717 /* AppDelegate.swift in Sources */,
				3F7824002562F70600876DD8 /* SpiritCalculatorViewController.swift in Sources */,
				3F397B8E254C8343007678B8 /* SceneDelegate.swift in Sources */,
				3F7823FD2562F67600876DD8 /* ResponsesLogViewController.swift in Sources */,
				3F7824032562F72D00876DD8 /* SpiritFromIoTViewController.swift in Sources */,
				3FAD958D2566203800A652F8 /* ResponseViewController.swift in Sources */,
				3F7823FA2562F52500876DD8 /* ResponsesGraphViewController.swift in Sources */,
				3F7823F62562F34800876DD8 /* Responses.swift in Sources */,
			);
			runOnlyForDeploymentPostprocessing = 0;
		};
/* End PBXSourcesBuildPhase section */

/* Begin PBXVariantGroup section */
		3F397B91254C8343007678B8 /* Main.storyboard */ = {
			isa = PBXVariantGroup;
			children = (
				3F397B92254C8343007678B8 /* Base */,
			);
			name = Main.storyboard;
			sourceTree = "<group>";
		};
		3F397B96254C8344007678B8 /* LaunchScreen.storyboard */ = {
			isa = PBXVariantGroup;
			children = (
				3F397B97254C8344007678B8 /* Base */,
			);
			name = LaunchScreen.storyboard;
			sourceTree = "<group>";
		};
/* End PBXVariantGroup section */

/* Begin XCBuildConfiguration section */
		3F397B9A254C8344007678B8 /* Debug */ = {
			isa = XCBuildConfiguration;
			buildSettings = {
				ALWAYS_SEARCH_USER_PATHS = NO;
				CLANG_ANALYZER_NONNULL = YES;
				CLANG_ANALYZER_NUMBER_OBJECT_CONVERSION = YES_AGGRESSIVE;
				CLANG_CXX_LANGUAGE_STANDARD = "gnu++14";
				CLANG_CXX_LIBRARY = "libc++";
				CLANG_ENABLE_MODULES = YES;
				CLANG_ENABLE_OBJC_ARC = YES;
				CLANG_ENABLE_OBJC_WEAK = YES;
				CLANG_WARN_BLOCK_CAPTURE_AUTORELEASING = YES;
				CLANG_WARN_BOOL_CONVERSION = YES;
				CLANG_WARN_COMMA = YES;
				CLANG_WARN_CONSTANT_CONVERSION = YES;
				CLANG_WARN_DEPRECATED_OBJC_IMPLEMENTATIONS = YES;
				CLANG_WARN_DIRECT_OBJC_ISA_USAGE = YES_ERROR;
				CLANG_WARN_DOCUMENTATION_COMMENTS = YES;
				CLANG_WARN_EMPTY_BODY = YES;
				CLANG_WARN_ENUM_CONVERSION = YES;
				CLANG_WARN_INFINITE_RECURSION = YES;
				CLANG_WARN_INT_CONVERSION = YES;
				CLANG_WARN_NON_LITERAL_NULL_CONVERSION = YES;
				CLANG_WARN_OBJC_IMPLICIT_RETAIN_SELF = YES;
				CLANG_WARN_OBJC_LITERAL_CONVERSION = YES;
				CLANG_WARN_OBJC_ROOT_CLASS = YES_ERROR;
				CLANG_WARN_QUOTED_INCLUDE_IN_FRAMEWORK_HEADER = YES;
				CLANG_WARN_RANGE_LOOP_ANALYSIS = YES;
				CLANG_WARN_STRICT_PROTOTYPES = YES;
				CLANG_WARN_SUSPICIOUS_MOVE = YES;
				CLANG_WARN_UNGUARDED_AVAILABILITY = YES_AGGRESSIVE;
				CLANG_WARN_UNREACHABLE_CODE = YES;
				CLANG_WARN__DUPLICATE_METHOD_MATCH = YES;
				COPY_PHASE_STRIP = NO;
				DEBUG_INFORMATION_FORMAT = dwarf;
				ENABLE_STRICT_OBJC_MSGSEND = YES;
				ENABLE_TESTABILITY = YES;
				GCC_C_LANGUAGE_STANDARD = gnu11;
				GCC_DYNAMIC_NO_PIC = NO;
				GCC_NO_COMMON_BLOCKS = YES;
				GCC_OPTIMIZATION_LEVEL = 0;
				GCC_PREPROCESSOR_DEFINITIONS = (
					"DEBUG=1",
					"$(inherited)",
				);
				GCC_WARN_64_TO_32_BIT_CONVERSION = YES;
				GCC_WARN_ABOUT_RETURN_TYPE = YES_ERROR;
				GCC_WARN_UNDECLARED_SELECTOR = YES;
				GCC_WARN_UNINITIALIZED_AUTOS = YES_AGGRESSIVE;
				GCC_WARN_UNUSED_FUNCTION = YES;
				GCC_WARN_UNUSED_VARIABLE = YES;
				IPHONEOS_DEPLOYMENT_TARGET = 14.1;
				MTL_ENABLE_DEBUG_INFO = INCLUDE_SOURCE;
				MTL_FAST_MATH = YES;
				ONLY_ACTIVE_ARCH = YES;
				SDKROOT = iphoneos;
				SWIFT_ACTIVE_COMPILATION_CONDITIONS = DEBUG;
				SWIFT_OPTIMIZATION_LEVEL = "-Onone";
			};
			name = Debug;
		};
		3F397B9B254C8344007678B8 /* Release */ = {
			isa = XCBuildConfiguration;
			buildSettings = {
				ALWAYS_SEARCH_USER_PATHS = NO;
				CLANG_ANALYZER_NONNULL = YES;
				CLANG_ANALYZER_NUMBER_OBJECT_CONVERSION = YES_AGGRESSIVE;
				CLANG_CXX_LANGUAGE_STANDARD = "gnu++14";
				CLANG_CXX_LIBRARY = "libc++";
				CLANG_ENABLE_MODULES = YES;
				CLANG_ENABLE_OBJC_ARC = YES;
				CLANG_ENABLE_OBJC_WEAK = YES;
				CLANG_WARN_BLOCK_CAPTURE_AUTORELEASING = YES;
				CLANG_WARN_BOOL_CONVERSION = YES;
				CLANG_WARN_COMMA = YES;
				CLANG_WARN_CONSTANT_CONVERSION = YES;
				CLANG_WARN_DEPRECATED_OBJC_IMPLEMENTATIONS = YES;
				CLANG_WARN_DIRECT_OBJC_ISA_USAGE = YES_ERROR;
				CLANG_WARN_DOCUMENTATION_COMMENTS = YES;
				CLANG_WARN_EMPTY_BODY = YES;
				CLANG_WARN_ENUM_CONVERSION = YES;
				CLANG_WARN_INFINITE_RECURSION = YES;
				CLANG_WARN_INT_CONVERSION = YES;
				CLANG_WARN_NON_LITERAL_NULL_CONVERSION = YES;
				CLANG_WARN_OBJC_IMPLICIT_RETAIN_SELF = YES;
				CLANG_WARN_OBJC_LITERAL_CONVERSION = YES;
				CLANG_WARN_OBJC_ROOT_CLASS = YES_ERROR;
				CLANG_WARN_QUOTED_INCLUDE_IN_FRAMEWORK_HEADER = YES;
				CLANG_WARN_RANGE_LOOP_ANALYSIS = YES;
				CLANG_WARN_STRICT_PROTOTYPES = YES;
				CLANG_WARN_SUSPICIOUS_MOVE = YES;
				CLANG_WARN_UNGUARDED_AVAILABILITY = YES_AGGRESSIVE;
				CLANG_WARN_UNREACHABLE_CODE = YES;
				CLANG_WARN__DUPLICATE_METHOD_MATCH = YES;
				COPY_PHASE_STRIP = NO;
				DEBUG_INFORMATION_FORMAT = "dwarf-with-dsym";
				ENABLE_NS_ASSERTIONS = NO;
				ENABLE_STRICT_OBJC_MSGSEND = YES;
				GCC_C_LANGUAGE_STANDARD = gnu11;
				GCC_NO_COMMON_BLOCKS = YES;
				GCC_WARN_64_TO_32_BIT_CONVERSION = YES;
				GCC_WARN_ABOUT_RETURN_TYPE = YES_ERROR;
				GCC_WARN_UNDECLARED_SELECTOR = YES;
				GCC_WARN_UNINITIALIZED_AUTOS = YES_AGGRESSIVE;
				GCC_WARN_UNUSED_FUNCTION = YES;
				GCC_WARN_UNUSED_VARIABLE = YES;
				IPHONEOS_DEPLOYMENT_TARGET = 14.1;
				MTL_ENABLE_DEBUG_INFO = NO;
				MTL_FAST_MATH = YES;
				SDKROOT = iphoneos;
				SWIFT_COMPILATION_MODE = wholemodule;
				SWIFT_OPTIMIZATION_LEVEL = "-O";
				VALIDATE_PRODUCT = YES;
			};
			name = Release;
		};
		3F397B9D254C8344007678B8 /* Debug */ = {
			isa = XCBuildConfiguration;
			baseConfigurationReference = 17DB40CA3C595B5A459C8DDF /* Pods-Spirit Response.debug.xcconfig */;
			buildSettings = {
				ASSETCATALOG_COMPILER_APPICON_NAME = AppIcon;
				ASSETCATALOG_COMPILER_GLOBAL_ACCENT_COLOR_NAME = AccentColor;
				CODE_SIGN_STYLE = Automatic;
				FRAMEWORK_SEARCH_PATHS = (
					"$(inherited)",
					"\"${PODS_CONFIGURATION_BUILD_DIR}/Bolts\"",
					"\"${PODS_CONFIGURATION_BUILD_DIR}/Charts\"",
					"\"${PODS_CONFIGURATION_BUILD_DIR}/Parse\"",
					"\"${PODS_CONFIGURATION_BUILD_DIR}/TinyConstraints\"",
				);
				HEADER_SEARCH_PATHS = (
					"$(inherited)",
					"\"${PODS_CONFIGURATION_BUILD_DIR}/Bolts/Bolts.framework/Headers\"",
					"\"${PODS_CONFIGURATION_BUILD_DIR}/Charts/Charts.framework/Headers\"",
					"\"${PODS_CONFIGURATION_BUILD_DIR}/Parse/Parse.framework/Headers\"",
					"\"${PODS_CONFIGURATION_BUILD_DIR}/TinyConstraints/TinyConstraints.framework/Headers\"",
				);
				INFOPLIST_FILE = "Spirit Response/Info.plist";
				LD_RUNPATH_SEARCH_PATHS = (
					"$(inherited)",
					"@executable_path/Frameworks",
				);
				PRODUCT_BUNDLE_IDENTIFIER = "edu.nwmissouri.Spirit-Response";
				PRODUCT_NAME = "$(TARGET_NAME)";
				SWIFT_VERSION = 5.0;
				TARGETED_DEVICE_FAMILY = "1,2";
			};
			name = Debug;
		};
		3F397B9E254C8344007678B8 /* Release */ = {
			isa = XCBuildConfiguration;
			baseConfigurationReference = FF987179AC9E311A86E7E70D /* Pods-Spirit Response.release.xcconfig */;
			buildSettings = {
				ASSETCATALOG_COMPILER_APPICON_NAME = AppIcon;
				ASSETCATALOG_COMPILER_GLOBAL_ACCENT_COLOR_NAME = AccentColor;
				CODE_SIGN_STYLE = Automatic;
				FRAMEWORK_SEARCH_PATHS = (
					"$(inherited)",
					"\"${PODS_CONFIGURATION_BUILD_DIR}/Bolts\"",
					"\"${PODS_CONFIGURATION_BUILD_DIR}/Charts\"",
					"\"${PODS_CONFIGURATION_BUILD_DIR}/Parse\"",
					"\"${PODS_CONFIGURATION_BUILD_DIR}/TinyConstraints\"",
				);
				HEADER_SEARCH_PATHS = (
					"$(inherited)",
					"\"${PODS_CONFIGURATION_BUILD_DIR}/Bolts/Bolts.framework/Headers\"",
					"\"${PODS_CONFIGURATION_BUILD_DIR}/Charts/Charts.framework/Headers\"",
					"\"${PODS_CONFIGURATION_BUILD_DIR}/Parse/Parse.framework/Headers\"",
					"\"${PODS_CONFIGURATION_BUILD_DIR}/TinyConstraints/TinyConstraints.framework/Headers\"",
				);
				INFOPLIST_FILE = "Spirit Response/Info.plist";
				LD_RUNPATH_SEARCH_PATHS = (
					"$(inherited)",
					"@executable_path/Frameworks",
				);
				PRODUCT_BUNDLE_IDENTIFIER = "edu.nwmissouri.Spirit-Response";
				PRODUCT_NAME = "$(TARGET_NAME)";
				SWIFT_VERSION = 5.0;
				TARGETED_DEVICE_FAMILY = "1,2";
			};
			name = Release;
		};
/* End XCBuildConfiguration section */

/* Begin XCConfigurationList section */
		3F397B83254C8343007678B8 /* Build configuration list for PBXProject "Spirit Response" */ = {
			isa = XCConfigurationList;
			buildConfigurations = (
				3F397B9A254C8344007678B8 /* Debug */,
				3F397B9B254C8344007678B8 /* Release */,
			);
			defaultConfigurationIsVisible = 0;
			defaultConfigurationName = Release;
		};
		3F397B9C254C8344007678B8 /* Build configuration list for PBXNativeTarget "Spirit Response" */ = {
			isa = XCConfigurationList;
			buildConfigurations = (
				3F397B9D254C8344007678B8 /* Debug */,
				3F397B9E254C8344007678B8 /* Release */,
			);
			defaultConfigurationIsVisible = 0;
			defaultConfigurationName = Release;
		};
/* End XCConfigurationList section */
	};
	rootObject = 3F397B80254C8343007678B8 /* Project object */;
}
